
Microsoft Visual Studio Solution File, Format Version 12.00
# Visual Studio Version 16
VisualStudioVersion = 16.0.33328.57
MinimumVisualStudioVersion = 10.0.40219.1
Project("{FAE04EC0-301F-11D3-BF4B-00C04F79EFBC}") = "DailyReport", "DailyReport\DailyReport.csproj", "{DA59F983-CCB9-4AA9-A6F1-276A4886CA41}"
EndProject
Global
	GlobalSection(SolutionConfigurationPlatforms) = preSolution
		Debug|Any CPU = Debug|Any CPU
		Release|Any CPU = Release|Any CPU
	EndGlobalSection
	GlobalSection(ProjectConfigurationPlatforms) = postSolution
		{DA59F983-CCB9-4AA9-A6F1-276A4886CA41}.Debug|Any CPU.ActiveCfg = Debug|Any CPU
		{DA59F983-CCB9-4AA9-A6F1-276A4886CA41}.Debug|Any CPU.Build.0 = Debug|Any CPU
		{DA59F983-CCB9-4AA9-A6F1-276A4886CA41}.Release|Any CPU.ActiveCfg = Release|Any CPU
		{DA59F983-CCB9-4AA9-A6F1-276A4886CA41}.Release|Any CPU.Build.0 = Release|Any CPU
	EndGlobalSection
	GlobalSection(SolutionProperties) = preSolution
		HideSolutionNode = FALSE
	EndGlobalSection
	GlobalSection(ExtensibilityGlobals) = postSolution
		SolutionGuid = {33D4469E-EC16-4846-A6C0-A052F62DAE90}
	EndGlobalSection
EndGlobal
